
Microsoft Visual Studio Solution File, Format Version 12.00
# Visual Studio Express 15 for Windows Desktop
VisualStudioVersion = 15.0.28307.1622
MinimumVisualStudioVersion = 10.0.40219.1
Project("{8BC9CEB8-8B4A-11D0-8D11-00A0C91BC942}") = "Project6", "Project6\Project6.vcxproj", "{31409244-CA2C-4838-AFE6-E2F522776336}"
EndProject
Global
	GlobalSection(SolutionConfigurationPlatforms) = preSolution
		Debug|x64 = Debug|x64
		Debug|x86 = Debug|x86
		Release|x64 = Release|x64
		Release|x86 = Release|x86
	EndGlobalSection
	GlobalSection(ProjectConfigurationPlatforms) = postSolution
		{31409244-CA2C-4838-AFE6-E2F522776336}.Debug|x64.ActiveCfg = Debug|x64
		{31409244-CA2C-4838-AFE6-E2F522776336}.Debug|x64.Build.0 = Debug|x64
		{31409244-CA2C-4838-AFE6-E2F522776336}.Debug|x86.ActiveCfg = Debug|Win32
		{31409244-CA2C-4838-AFE6-E2F522776336}.Debug|x86.Build.0 = Debug|Win32
		{31409244-CA2C-4838-AFE6-E2F522776336}.Release|x64.ActiveCfg = Release|x64
		{31409244-CA2C-4838-AFE6-E2F522776336}.Release|x64.Build.0 = Release|x64
		{31409244-CA2C-4838-AFE6-E2F522776336}.Release|x86.ActiveCfg = Release|Win32
		{31409244-CA2C-4838-AFE6-E2F522776336}.Release|x86.Build.0 = Release|Win32
	EndGlobalSection
	GlobalSection(SolutionProperties) = preSolution
		HideSolutionNode = FALSE
	EndGlobalSection
	GlobalSection(ExtensibilityGlobals) = postSolution
		SolutionGuid = {4855DF35-D842-4721-9A9C-BA1E07810673}
	EndGlobalSection
EndGlobal
